
Microsoft Visual Studio Solution File, Format Version 12.00
# Visual Studio Version 16
VisualStudioVersion = 16.0.31729.503
MinimumVisualStudioVersion = 10.0.40219.1
Project("{8BC9CEB8-8B4A-11D0-8D11-00A0C91BC942}") = "Выпуклые оболочи С++", "Выпуклые оболочи С++.vcxproj", "{A3A13672-8B3F-4C6D-AEAA-6433F0EC80B4}"
EndProject
Global
	GlobalSection(SolutionConfigurationPlatforms) = preSolution
		Debug|x64 = Debug|x64
		Debug|x86 = Debug|x86
		Release|x64 = Release|x64
		Release|x86 = Release|x86
	EndGlobalSection
	GlobalSection(ProjectConfigurationPlatforms) = postSolution
		{A3A13672-8B3F-4C6D-AEAA-6433F0EC80B4}.Debug|x64.ActiveCfg = Debug|x64
		{A3A13672-8B3F-4C6D-AEAA-6433F0EC80B4}.Debug|x64.Build.0 = Debug|x64
		{A3A13672-8B3F-4C6D-AEAA-6433F0EC80B4}.Debug|x86.ActiveCfg = Debug|Win32
		{A3A13672-8B3F-4C6D-AEAA-6433F0EC80B4}.Debug|x86.Build.0 = Debug|Win32
		{A3A13672-8B3F-4C6D-AEAA-6433F0EC80B4}.Release|x64.ActiveCfg = Release|x64
		{A3A13672-8B3F-4C6D-AEAA-6433F0EC80B4}.Release|x64.Build.0 = Release|x64
		{A3A13672-8B3F-4C6D-AEAA-6433F0EC80B4}.Release|x86.ActiveCfg = Release|Win32
		{A3A13672-8B3F-4C6D-AEAA-6433F0EC80B4}.Release|x86.Build.0 = Release|Win32
	EndGlobalSection
	GlobalSection(SolutionProperties) = preSolution
		HideSolutionNode = FALSE
	EndGlobalSection
	GlobalSection(ExtensibilityGlobals) = postSolution
		SolutionGuid = {83210B4E-3FAC-45C3-8B57-7252A00B7A95}
	EndGlobalSection
EndGlobal
